
Microsoft Visual Studio Solution File, Format Version 12.00
# Visual Studio Version 17
VisualStudioVersion = 17.2.32630.192
MinimumVisualStudioVersion = 10.0.40219.1
Project("{FAE04EC0-301F-11D3-BF4B-00C04F79EFBC}") = "WinFormsApp1", "WinFormsApp1.csproj", "{F1CA6C16-A3B2-4CA6-B3E1-ABF5FE73066A}"
EndProject
Global
	GlobalSection(SolutionConfigurationPlatforms) = preSolution
		Debug|Any CPU = Debug|Any CPU
		Release|Any CPU = Release|Any CPU
	EndGlobalSection
	GlobalSection(ProjectConfigurationPlatforms) = postSolution
		{F1CA6C16-A3B2-4CA6-B3E1-ABF5FE73066A}.Debug|Any CPU.ActiveCfg = Debug|Any CPU
		{F1CA6C16-A3B2-4CA6-B3E1-ABF5FE73066A}.Debug|Any CPU.Build.0 = Debug|Any CPU
		{F1CA6C16-A3B2-4CA6-B3E1-ABF5FE73066A}.Release|Any CPU.ActiveCfg = Release|Any CPU
		{F1CA6C16-A3B2-4CA6-B3E1-ABF5FE73066A}.Release|Any CPU.Build.0 = Release|Any CPU
	EndGlobalSection
	GlobalSection(SolutionProperties) = preSolution
		HideSolutionNode = FALSE
	EndGlobalSection
	GlobalSection(ExtensibilityGlobals) = postSolution
		SolutionGuid = {5DAF68EE-C248-40A8-99FB-551335B119A0}
	EndGlobalSection
EndGlobal
